
Microsoft Visual Studio Solution File, Format Version 12.00
# Visual Studio Version 16
VisualStudioVersion = 16.0.31911.196
MinimumVisualStudioVersion = 10.0.40219.1
Project("{FAE04EC0-301F-11D3-BF4B-00C04F79EFBC}") = "ProjetoFatec", "ProjetoFatec\ProjetoFatec.csproj", "{3742883E-40B6-4CC1-98EA-00A70B9DE3AF}"
EndProject
Global
	GlobalSection(SolutionConfigurationPlatforms) = preSolution
		Debug|Any CPU = Debug|Any CPU
		Release|Any CPU = Release|Any CPU
	EndGlobalSection
	GlobalSection(ProjectConfigurationPlatforms) = postSolution
		{3742883E-40B6-4CC1-98EA-00A70B9DE3AF}.Debug|Any CPU.ActiveCfg = Debug|Any CPU
		{3742883E-40B6-4CC1-98EA-00A70B9DE3AF}.Debug|Any CPU.Build.0 = Debug|Any CPU
		{3742883E-40B6-4CC1-98EA-00A70B9DE3AF}.Release|Any CPU.ActiveCfg = Release|Any CPU
		{3742883E-40B6-4CC1-98EA-00A70B9DE3AF}.Release|Any CPU.Build.0 = Release|Any CPU
	EndGlobalSection
	GlobalSection(SolutionProperties) = preSolution
		HideSolutionNode = FALSE
	EndGlobalSection
	GlobalSection(ExtensibilityGlobals) = postSolution
		SolutionGuid = {47834758-EAAF-4892-A31C-BCE7F9665E7E}
	EndGlobalSection
EndGlobal
